
Microsoft Visual Studio Solution File, Format Version 12.00
# Visual Studio Version 17
VisualStudioVersion = 17.5.33516.290
MinimumVisualStudioVersion = 10.0.40219.1
Project("{FAE04EC0-301F-11D3-BF4B-00C04F79EFBC}") = "ConsoleApp6", "ConsoleApp6.csproj", "{AE61E1D4-A9CB-4AAA-9A40-3FFD093B0D56}"
EndProject
Global
	GlobalSection(SolutionConfigurationPlatforms) = preSolution
		Debug|Any CPU = Debug|Any CPU
		Release|Any CPU = Release|Any CPU
	EndGlobalSection
	GlobalSection(ProjectConfigurationPlatforms) = postSolution
		{AE61E1D4-A9CB-4AAA-9A40-3FFD093B0D56}.Debug|Any CPU.ActiveCfg = Debug|Any CPU
		{AE61E1D4-A9CB-4AAA-9A40-3FFD093B0D56}.Debug|Any CPU.Build.0 = Debug|Any CPU
		{AE61E1D4-A9CB-4AAA-9A40-3FFD093B0D56}.Release|Any CPU.ActiveCfg = Release|Any CPU
		{AE61E1D4-A9CB-4AAA-9A40-3FFD093B0D56}.Release|Any CPU.Build.0 = Release|Any CPU
	EndGlobalSection
	GlobalSection(SolutionProperties) = preSolution
		HideSolutionNode = FALSE
	EndGlobalSection
	GlobalSection(ExtensibilityGlobals) = postSolution
		SolutionGuid = {09D13220-564C-44EE-ADD0-E25FD29AA459}
	EndGlobalSection
EndGlobal
